
Microsoft Visual Studio Solution File, Format Version 12.00
# Visual Studio Version 17
VisualStudioVersion = 17.12.35527.113 d17.12
MinimumVisualStudioVersion = 10.0.40219.1
Project("{2150E333-8FDC-42A3-9474-1A3956D46DE8}") = "Services", "Services", "{DC39690E-279C-4042-B514-755689232E9B}"
EndProject
Project("{2150E333-8FDC-42A3-9474-1A3956D46DE8}") = "Catalog", "Catalog", "{D099E7D2-718A-4DF9-801E-D2797C7D9EC0}"
EndProject
Project("{FAE04EC0-301F-11D3-BF4B-00C04F79EFBC}") = "E-Commerce.Catalog", "E-Commerce.Catalog\E-Commerce.Catalog.csproj", "{C4B312A2-26E6-44B5-99BE-614E8F7F7800}"
EndProject
Global
	GlobalSection(SolutionConfigurationPlatforms) = preSolution
		Debug|Any CPU = Debug|Any CPU
		Release|Any CPU = Release|Any CPU
	EndGlobalSection
	GlobalSection(ProjectConfigurationPlatforms) = postSolution
		{C4B312A2-26E6-44B5-99BE-614E8F7F7800}.Debug|Any CPU.ActiveCfg = Debug|Any CPU
		{C4B312A2-26E6-44B5-99BE-614E8F7F7800}.Debug|Any CPU.Build.0 = Debug|Any CPU
		{C4B312A2-26E6-44B5-99BE-614E8F7F7800}.Release|Any CPU.ActiveCfg = Release|Any CPU
		{C4B312A2-26E6-44B5-99BE-614E8F7F7800}.Release|Any CPU.Build.0 = Release|Any CPU
	EndGlobalSection
	GlobalSection(SolutionProperties) = preSolution
		HideSolutionNode = FALSE
	EndGlobalSection
	GlobalSection(NestedProjects) = preSolution
		{D099E7D2-718A-4DF9-801E-D2797C7D9EC0} = {DC39690E-279C-4042-B514-755689232E9B}
		{C4B312A2-26E6-44B5-99BE-614E8F7F7800} = {D099E7D2-718A-4DF9-801E-D2797C7D9EC0}
	EndGlobalSection
EndGlobal
